{
  "nodes": {
    "flake-utils": {
      "locked": {
        "lastModified": 1656065134,
        "narHash": "sha256-oc6E6ByIw3oJaIyc67maaFcnjYOz1mMcOtHxbEf9NwQ=",
        "owner": "numtide",
        "repo": "flake-utils",
        "rev": "bee6a7250dd1b01844a2de7e02e4df7d8a0a206c",
        "type": "github"
      },
      "original": {
        "owner": "numtide",
        "repo": "flake-utils",
        "type": "github"
      }
    },
    "nixpkgs": {
      "locked": {
        "lastModified": 1656267719,
        "narHash": "sha256-s0HFgYyfrUNNRMpM75ak++/zMf7+v0HQie8ODJ7N8Is=",
        "owner": "NixOS",
        "repo": "nixpkgs",
        "rev": "f4bbd5d420c555f63bf300afaa2cdeacb7ea6cb1",
        "type": "github"
      },
      "original": {
        "owner": "NixOS",
        "repo": "nixpkgs",
        "type": "github"
      }
    },
    "root": {
      "inputs": {
        "flake-utils": "flake-utils",
        "nixpkgs": "nixpkgs",
        "rust-overlay": "rust-overlay"
      }
    },
    "rust-overlay": {
      "inputs": {
        "flake-utils": [
          "flake-utils"
        ],
        "nixpkgs": [
          "nixpkgs"
        ]
      },
      "locked": {
        "lastModified": 1656211780,
        "narHash": "sha256-pKU6knP1wD7Co/mROj2DvnYqr92RGm0bWnsJu/rb/JQ=",
        "owner": "oxalica",
        "repo": "rust-overlay",
        "rev": "37ab3d00e8caaad1d1d3f78c9282d3d5435fc2ba",
        "type": "github"
      },
      "original": {
        "owner": "oxalica",
        "repo": "rust-overlay",
        "type": "github"
      }
    }
  },
  "root": "root",
  "version": 7
}
