# THIS IS AN AUTOGENERATED FILE. DO NOT EDIT THIS FILE DIRECTLY.
# yarn lockfile v1


"@napi-rs/cli@^2.0.0-beta.5":
  version "2.0.0-beta.5"
  resolved "https://registry.yarnpkg.com/@napi-rs/cli/-/cli-2.0.0-beta.5.tgz#0bc92c3a5d865f667f294d14a967bdb487987d14"
  integrity sha512-/t7T52f2PEOcQXXbnmUZKKwAGIIU8mj2a1gwWR6Vo8wJeAzKXFrfQ5wx1Y/56E1vYRcRrGyDatDTBEQc7omwdw==
